{
    "_readme": [
        "This file locks the dependencies of your project to a known state",
        "Read more about it at https://getcomposer.org/doc/01-basic-usage.md#installing-dependencies",
        "This file is @generated automatically"
    ],
    "content-hash": "5b19498e70126e4384a1cf2557a2feeb",
    "packages": [
        {
            "name": "ratenkaufbyeasycredit/php-sdk",
            "version": "1.6.3",
            "source": {
                "type": "git",
                "url": "https://github.com/teambank/ratenkaufbyeasycredit-lib-php.git",
                "reference": "9715e472471fd7ed9dd8089f88f0e118109f57b7"
            },
            "dist": {
                "type": "zip",
                "url": "https://api.github.com/repos/teambank/ratenkaufbyeasycredit-lib-php/zipball/9715e472471fd7ed9dd8089f88f0e118109f57b7",
                "reference": "9715e472471fd7ed9dd8089f88f0e118109f57b7",
                "shasum": ""
            },
            "require": {
                "php": ">=5.3.0"
            },
            "type": "library",
            "autoload": {
                "psr-4": {
                    "Netzkollektiv\\EasyCreditApi\\": "src/"
                }
            },
            "notification-url": "https://packagist.org/downloads/",
            "license": [
                "MIT"
            ],
            "authors": [
                {
                    "name": "NETZKOLLEKTIV GmbH",
                    "email": "kontakt@netzkollektiv.com"
                }
            ],
            "description": "easyCredit-Ratenkauf SDK (PHP)",
            "keywords": [
                "easycredit",
                "easycredit-ratenkauf",
                "payment",
                "payments",
                "ratenkauf",
                "ratenzahlung",
                "teambank"
            ],
            "support": {
                "issues": "https://github.com/teambank/ratenkaufbyeasycredit-lib-php/issues",
                "source": "https://github.com/teambank/ratenkaufbyeasycredit-lib-php/tree/1.6.3"
            },
            "time": "2022-09-01T14:49:19+00:00"
        }
    ],
    "packages-dev": [],
    "aliases": [],
    "minimum-stability": "stable",
    "stability-flags": [],
    "prefer-stable": false,
    "prefer-lowest": false,
    "platform": [],
    "platform-dev": [],
    "plugin-api-version": "2.1.0"
}
